// !$*UTF8*$!
{
	archiveVersion = 1;
	classes = {
	};
	objectVersion = 50;
	objects = {

/* Begin PBXBuildFile section */
		24B98F503D829DD6F3BD61A3 /* Pods_RxGram.framework in Frameworks */ = {isa = PBXBuildFile; fileRef = 00E61A98858E6C6DF6736F18 /* Pods_RxGram.framework */; };
		4AC6664821F6152C00F329C0 /* AppDelegate.swift in Sources */ = {isa = PBXBuildFile; fileRef = 4AC6664721F6152C00F329C0 /* AppDelegate.swift */; };
		4AC6664A21F6152C00F329C0 /* ExploreViewController.swift in Sources */ = {isa = PBXBuildFile; fileRef = 4AC6664921F6152C00F329C0 /* ExploreViewController.swift */; };
		4AC6664D21F6152C00F329C0 /* Explore.storyboard in Resources */ = {isa = PBXBuildFile; fileRef = 4AC6664B21F6152C00F329C0 /* Explore.storyboard */; };
		4AC6664F21F6152D00F329C0 /* Assets.xcassets in Resources */ = {isa = PBXBuildFile; fileRef = 4AC6664E21F6152D00F329C0 /* Assets.xcassets */; };
		4AC6665221F6152D00F329C0 /* LaunchScreen.storyboard in Resources */ = {isa = PBXBuildFile; fileRef = 4AC6665021F6152D00F329C0 /* LaunchScreen.storyboard */; };
		4AC6665D21F6152D00F329C0 /* RxGramTests.swift in Sources */ = {isa = PBXBuildFile; fileRef = 4AC6665C21F6152D00F329C0 /* RxGramTests.swift */; };
		4AC6666821F6152D00F329C0 /* RxGramUITests.swift in Sources */ = {isa = PBXBuildFile; fileRef = 4AC6666721F6152D00F329C0 /* RxGramUITests.swift */; };
		4AC6667D21F615D900F329C0 /* Main.storyboard in Resources */ = {isa = PBXBuildFile; fileRef = 4AC6667C21F615D900F329C0 /* Main.storyboard */; };
		4AC6668321F61D4A00F329C0 /* MainTabBarController.swift in Sources */ = {isa = PBXBuildFile; fileRef = 4AC6668221F61D4A00F329C0 /* MainTabBarController.swift */; };
		4AC6668821F61D8700F329C0 /* Timeline.storyboard in Resources */ = {isa = PBXBuildFile; fileRef = 4AC6668721F61D8700F329C0 /* Timeline.storyboard */; };
		4AC6668A21F61DAC00F329C0 /* TimelineViewController.swift in Sources */ = {isa = PBXBuildFile; fileRef = 4AC6668921F61DAC00F329C0 /* TimelineViewController.swift */; };
		4AC666A721F674C600F329C0 /* Storyboard.swift in Sources */ = {isa = PBXBuildFile; fileRef = 4AC666A621F674C600F329C0 /* Storyboard.swift */; };
		4AC666A921F6765200F329C0 /* UIViewController.swift in Sources */ = {isa = PBXBuildFile; fileRef = 4AC666A821F6765200F329C0 /* UIViewController.swift */; };
		753227AF01249F357ECC9A3B /* Pods_RxGramUITests.framework in Frameworks */ = {isa = PBXBuildFile; fileRef = 28429181F1A7B541D3903781 /* Pods_RxGramUITests.framework */; };
		9AB50565B934DC3137A9DC41 /* Pods_RxGramTests.framework in Frameworks */ = {isa = PBXBuildFile; fileRef = D26E78E67D3F83A2B00892DF /* Pods_RxGramTests.framework */; };
/* End PBXBuildFile section */

/* Begin PBXContainerItemProxy section */
		4AC6665921F6152D00F329C0 /* PBXContainerItemProxy */ = {
			isa = PBXContainerItemProxy;
			containerPortal = 4AC6663C21F6152C00F329C0 /* Project object */;
			proxyType = 1;
			remoteGlobalIDString = 4AC6664321F6152C00F329C0;
			remoteInfo = RxGram;
		};
		4AC6666421F6152D00F329C0 /* PBXContainerItemProxy */ = {
			isa = PBXContainerItemProxy;
			containerPortal = 4AC6663C21F6152C00F329C0 /* Project object */;
			proxyType = 1;
			remoteGlobalIDString = 4AC6664321F6152C00F329C0;
			remoteInfo = RxGram;
		};
/* End PBXContainerItemProxy section */

/* Begin PBXFileReference section */
		00E61A98858E6C6DF6736F18 /* Pods_RxGram.framework */ = {isa = PBXFileReference; explicitFileType = wrapper.framework; includeInIndex = 0; path = Pods_RxGram.framework; sourceTree = BUILT_PRODUCTS_DIR; };
		01A5F5A5865EC0BADE399E94 /* Pods-RxGram.debug.xcconfig */ = {isa = PBXFileReference; includeInIndex = 1; lastKnownFileType = text.xcconfig; name = "Pods-RxGram.debug.xcconfig"; path = "Pods/Target Support Files/Pods-RxGram/Pods-RxGram.debug.xcconfig"; sourceTree = "<group>"; };
		143A436D6816BDEBF1979F06 /* Pods-RxGramUITests.debug.xcconfig */ = {isa = PBXFileReference; includeInIndex = 1; lastKnownFileType = text.xcconfig; name = "Pods-RxGramUITests.debug.xcconfig"; path = "Pods/Target Support Files/Pods-RxGramUITests/Pods-RxGramUITests.debug.xcconfig"; sourceTree = "<group>"; };
		28429181F1A7B541D3903781 /* Pods_RxGramUITests.framework */ = {isa = PBXFileReference; explicitFileType = wrapper.framework; includeInIndex = 0; path = Pods_RxGramUITests.framework; sourceTree = BUILT_PRODUCTS_DIR; };
		33131BDDFA5DBA8BB598C9AC /* Pods-RxGramTests.release.xcconfig */ = {isa = PBXFileReference; includeInIndex = 1; lastKnownFileType = text.xcconfig; name = "Pods-RxGramTests.release.xcconfig"; path = "Pods/Target Support Files/Pods-RxGramTests/Pods-RxGramTests.release.xcconfig"; sourceTree = "<group>"; };
		4AC6664421F6152C00F329C0 /* RxGram.app */ = {isa = PBXFileReference; explicitFileType = wrapper.application; includeInIndex = 0; path = RxGram.app; sourceTree = BUILT_PRODUCTS_DIR; };
		4AC6664721F6152C00F329C0 /* AppDelegate.swift */ = {isa = PBXFileReference; lastKnownFileType = sourcecode.swift; path = AppDelegate.swift; sourceTree = "<group>"; };
		4AC6664921F6152C00F329C0 /* ExploreViewController.swift */ = {isa = PBXFileReference; lastKnownFileType = sourcecode.swift; path = ExploreViewController.swift; sourceTree = "<group>"; };
		4AC6664C21F6152C00F329C0 /* Base */ = {isa = PBXFileReference; lastKnownFileType = file.storyboard; name = Base; path = Base.lproj/Explore.storyboard; sourceTree = "<group>"; };
		4AC6664E21F6152D00F329C0 /* Assets.xcassets */ = {isa = PBXFileReference; lastKnownFileType = folder.assetcatalog; path = Assets.xcassets; sourceTree = "<group>"; };
		4AC6665121F6152D00F329C0 /* Base */ = {isa = PBXFileReference; lastKnownFileType = file.storyboard; name = Base; path = Base.lproj/LaunchScreen.storyboard; sourceTree = "<group>"; };
		4AC6665321F6152D00F329C0 /* Info.plist */ = {isa = PBXFileReference; lastKnownFileType = text.plist.xml; path = Info.plist; sourceTree = "<group>"; };
		4AC6665821F6152D00F329C0 /* RxGramTests.xctest */ = {isa = PBXFileReference; explicitFileType = wrapper.cfbundle; includeInIndex = 0; path = RxGramTests.xctest; sourceTree = BUILT_PRODUCTS_DIR; };
		4AC6665C21F6152D00F329C0 /* RxGramTests.swift */ = {isa = PBXFileReference; lastKnownFileType = sourcecode.swift; path = RxGramTests.swift; sourceTree = "<group>"; };
		4AC6665E21F6152D00F329C0 /* Info.plist */ = {isa = PBXFileReference; lastKnownFileType = text.plist.xml; path = Info.plist; sourceTree = "<group>"; };
		4AC6666321F6152D00F329C0 /* RxGramUITests.xctest */ = {isa = PBXFileReference; explicitFileType = wrapper.cfbundle; includeInIndex = 0; path = RxGramUITests.xctest; sourceTree = BUILT_PRODUCTS_DIR; };
		4AC6666721F6152D00F329C0 /* RxGramUITests.swift */ = {isa = PBXFileReference; lastKnownFileType = sourcecode.swift; path = RxGramUITests.swift; sourceTree = "<group>"; };
		4AC6666921F6152D00F329C0 /* Info.plist */ = {isa = PBXFileReference; lastKnownFileType = text.plist.xml; path = Info.plist; sourceTree = "<group>"; };
		4AC6667C21F615D900F329C0 /* Main.storyboard */ = {isa = PBXFileReference; lastKnownFileType = file.storyboard; path = Main.storyboard; sourceTree = "<group>"; };
		4AC6668221F61D4A00F329C0 /* MainTabBarController.swift */ = {isa = PBXFileReference; lastKnownFileType = sourcecode.swift; path = MainTabBarController.swift; sourceTree = "<group>"; };
		4AC6668721F61D8700F329C0 /* Timeline.storyboard */ = {isa = PBXFileReference; lastKnownFileType = file.storyboard; path = Timeline.storyboard; sourceTree = "<group>"; };
		4AC6668921F61DAC00F329C0 /* TimelineViewController.swift */ = {isa = PBXFileReference; lastKnownFileType = sourcecode.swift; path = TimelineViewController.swift; sourceTree = "<group>"; };
		4AC666A621F674C600F329C0 /* Storyboard.swift */ = {isa = PBXFileReference; lastKnownFileType = sourcecode.swift; path = Storyboard.swift; sourceTree = "<group>"; };
		4AC666A821F6765200F329C0 /* UIViewController.swift */ = {isa = PBXFileReference; lastKnownFileType = sourcecode.swift; path = UIViewController.swift; sourceTree = "<group>"; };
		53F373B8DBE94F912E61BE55 /* Pods-RxGramUITests.release.xcconfig */ = {isa = PBXFileReference; includeInIndex = 1; lastKnownFileType = text.xcconfig; name = "Pods-RxGramUITests.release.xcconfig"; path = "Pods/Target Support Files/Pods-RxGramUITests/Pods-RxGramUITests.release.xcconfig"; sourceTree = "<group>"; };
		AFC804DF7640F9AF6220FF50 /* Pods-RxGramTests.debug.xcconfig */ = {isa = PBXFileReference; includeInIndex = 1; lastKnownFileType = text.xcconfig; name = "Pods-RxGramTests.debug.xcconfig"; path = "Pods/Target Support Files/Pods-RxGramTests/Pods-RxGramTests.debug.xcconfig"; sourceTree = "<group>"; };
		BF5834B2D10F6E4B8C73C820 /* Pods-RxGram.release.xcconfig */ = {isa = PBXFileReference; includeInIndex = 1; lastKnownFileType = text.xcconfig; name = "Pods-RxGram.release.xcconfig"; path = "Pods/Target Support Files/Pods-RxGram/Pods-RxGram.release.xcconfig"; sourceTree = "<group>"; };
		D26E78E67D3F83A2B00892DF /* Pods_RxGramTests.framework */ = {isa = PBXFileReference; explicitFileType = wrapper.framework; includeInIndex = 0; path = Pods_RxGramTests.framework; sourceTree = BUILT_PRODUCTS_DIR; };
/* End PBXFileReference section */

/* Begin PBXFrameworksBuildPhase section */
		4AC6664121F6152C00F329C0 /* Frameworks */ = {
			isa = PBXFrameworksBuildPhase;
			buildActionMask = 2147483647;
			files = (
				24B98F503D829DD6F3BD61A3 /* Pods_RxGram.framework in Frameworks */,
			);
			runOnlyForDeploymentPostprocessing = 0;
		};
		4AC6665521F6152D00F329C0 /* Frameworks */ = {
			isa = PBXFrameworksBuildPhase;
			buildActionMask = 2147483647;
			files = (
				9AB50565B934DC3137A9DC41 /* Pods_RxGramTests.framework in Frameworks */,
			);
			runOnlyForDeploymentPostprocessing = 0;
		};
		4AC6666021F6152D00F329C0 /* Frameworks */ = {
			isa = PBXFrameworksBuildPhase;
			buildActionMask = 2147483647;
			files = (
				753227AF01249F357ECC9A3B /* Pods_RxGramUITests.framework in Frameworks */,
			);
			runOnlyForDeploymentPostprocessing = 0;
		};
/* End PBXFrameworksBuildPhase section */

/* Begin PBXGroup section */
		27D6BD378E28C7C655BBCA3E /* Pods */ = {
			isa = PBXGroup;
			children = (
				01A5F5A5865EC0BADE399E94 /* Pods-RxGram.debug.xcconfig */,
				BF5834B2D10F6E4B8C73C820 /* Pods-RxGram.release.xcconfig */,
				AFC804DF7640F9AF6220FF50 /* Pods-RxGramTests.debug.xcconfig */,
				33131BDDFA5DBA8BB598C9AC /* Pods-RxGramTests.release.xcconfig */,
				143A436D6816BDEBF1979F06 /* Pods-RxGramUITests.debug.xcconfig */,
				53F373B8DBE94F912E61BE55 /* Pods-RxGramUITests.release.xcconfig */,
			);
			name = Pods;
			sourceTree = "<group>";
		};
		4A0F9C0A21FB5A7600EEDC5A /* Services */ = {
			isa = PBXGroup;
			children = (
			);
			path = Services;
			sourceTree = "<group>";
		};
		4AC6663B21F6152C00F329C0 = {
			isa = PBXGroup;
			children = (
				4AC6664621F6152C00F329C0 /* RxGram */,
				4AC6665B21F6152D00F329C0 /* RxGramTests */,
				4AC6666621F6152D00F329C0 /* RxGramUITests */,
				4AC6664521F6152C00F329C0 /* Products */,
				27D6BD378E28C7C655BBCA3E /* Pods */,
				9E7188B69A0F556F1F4E0382 /* Frameworks */,
			);
			sourceTree = "<group>";
		};
		4AC6664521F6152C00F329C0 /* Products */ = {
			isa = PBXGroup;
			children = (
				4AC6664421F6152C00F329C0 /* RxGram.app */,
				4AC6665821F6152D00F329C0 /* RxGramTests.xctest */,
				4AC6666321F6152D00F329C0 /* RxGramUITests.xctest */,
			);
			name = Products;
			sourceTree = "<group>";
		};
		4AC6664621F6152C00F329C0 /* RxGram */ = {
			isa = PBXGroup;
			children = (
				4AC666A521F674AF00F329C0 /* Helpers */,
				4AC6667621F6156D00F329C0 /* Modules */,
				4A0F9C0A21FB5A7600EEDC5A /* Services */,
				4AC6667A21F6159800F329C0 /* Ressources */,
				4AC6667521F6156800F329C0 /* App */,
			);
			path = RxGram;
			sourceTree = "<group>";
		};
		4AC6665B21F6152D00F329C0 /* RxGramTests */ = {
			isa = PBXGroup;
			children = (
				4AC6665C21F6152D00F329C0 /* RxGramTests.swift */,
				4AC6665E21F6152D00F329C0 /* Info.plist */,
			);
			path = RxGramTests;
			sourceTree = "<group>";
		};
		4AC6666621F6152D00F329C0 /* RxGramUITests */ = {
			isa = PBXGroup;
			children = (
				4AC6666721F6152D00F329C0 /* RxGramUITests.swift */,
				4AC6666921F6152D00F329C0 /* Info.plist */,
			);
			path = RxGramUITests;
			sourceTree = "<group>";
		};
		4AC6667521F6156800F329C0 /* App */ = {
			isa = PBXGroup;
			children = (
				4AC6665021F6152D00F329C0 /* LaunchScreen.storyboard */,
				4AC6664721F6152C00F329C0 /* AppDelegate.swift */,
				4AC6665321F6152D00F329C0 /* Info.plist */,
			);
			path = App;
			sourceTree = "<group>";
		};
		4AC6667621F6156D00F329C0 /* Modules */ = {
			isa = PBXGroup;
			children = (
				4AC6667B21F615CA00F329C0 /* Main */,
				4AC6668421F61D6400F329C0 /* Timeline */,
				4AC6667721F6157400F329C0 /* Explore */,
			);
			path = Modules;
			sourceTree = "<group>";
		};
		4AC6667721F6157400F329C0 /* Explore */ = {
			isa = PBXGroup;
			children = (
				4AC6664B21F6152C00F329C0 /* Explore.storyboard */,
				4AC6667921F6157F00F329C0 /* Views */,
				4AC6667821F6157A00F329C0 /* ViewModels */,
			);
			path = Explore;
			sourceTree = "<group>";
		};
		4AC6667821F6157A00F329C0 /* ViewModels */ = {
			isa = PBXGroup;
			children = (
			);
			path = ViewModels;
			sourceTree = "<group>";
		};
		4AC6667921F6157F00F329C0 /* Views */ = {
			isa = PBXGroup;
			children = (
				4AC6664921F6152C00F329C0 /* ExploreViewController.swift */,
			);
			path = Views;
			sourceTree = "<group>";
		};
		4AC6667A21F6159800F329C0 /* Ressources */ = {
			isa = PBXGroup;
			children = (
				4AC6664E21F6152D00F329C0 /* Assets.xcassets */,
			);
			path = Ressources;
			sourceTree = "<group>";
		};
		4AC6667B21F615CA00F329C0 /* Main */ = {
			isa = PBXGroup;
			children = (
				4AC6667C21F615D900F329C0 /* Main.storyboard */,
				4AC6667E21F615E700F329C0 /* Views */,
				4AC6668121F617A600F329C0 /* ViewModels */,
			);
			path = Main;
			sourceTree = "<group>";
		};
		4AC6667E21F615E700F329C0 /* Views */ = {
			isa = PBXGroup;
			children = (
				4AC6668221F61D4A00F329C0 /* MainTabBarController.swift */,
			);
			path = Views;
			sourceTree = "<group>";
		};
		4AC6668121F617A600F329C0 /* ViewModels */ = {
			isa = PBXGroup;
			children = (
			);
			path = ViewModels;
			sourceTree = "<group>";
		};
		4AC6668421F61D6400F329C0 /* Timeline */ = {
			isa = PBXGroup;
			children = (
				4AC6668721F61D8700F329C0 /* Timeline.storyboard */,
				4AC6668521F61D7000F329C0 /* Views */,
				4AC6668621F61D7400F329C0 /* ViewModels */,
			);
			path = Timeline;
			sourceTree = "<group>";
		};
		4AC6668521F61D7000F329C0 /* Views */ = {
			isa = PBXGroup;
			children = (
				4AC6668921F61DAC00F329C0 /* TimelineViewController.swift */,
			);
			path = Views;
			sourceTree = "<group>";
		};
		4AC6668621F61D7400F329C0 /* ViewModels */ = {
			isa = PBXGroup;
			children = (
			);
			path = ViewModels;
			sourceTree = "<group>";
		};
		4AC666A521F674AF00F329C0 /* Helpers */ = {
			isa = PBXGroup;
			children = (
				4AC666A621F674C600F329C0 /* Storyboard.swift */,
				4AC666A821F6765200F329C0 /* UIViewController.swift */,
			);
			path = Helpers;
			sourceTree = "<group>";
		};
		9E7188B69A0F556F1F4E0382 /* Frameworks */ = {
			isa = PBXGroup;
			children = (
				00E61A98858E6C6DF6736F18 /* Pods_RxGram.framework */,
				D26E78E67D3F83A2B00892DF /* Pods_RxGramTests.framework */,
				28429181F1A7B541D3903781 /* Pods_RxGramUITests.framework */,
			);
			name = Frameworks;
			sourceTree = "<group>";
		};
/* End PBXGroup section */

/* Begin PBXNativeTarget section */
		4AC6664321F6152C00F329C0 /* RxGram */ = {
			isa = PBXNativeTarget;
			buildConfigurationList = 4AC6666C21F6152D00F329C0 /* Build configuration list for PBXNativeTarget "RxGram" */;
			buildPhases = (
				2355E8EDBBB166BDF1830563 /* [CP] Check Pods Manifest.lock */,
				4AC6664021F6152C00F329C0 /* Sources */,
				4AC6664121F6152C00F329C0 /* Frameworks */,
				4AC6664221F6152C00F329C0 /* Resources */,
				D743D10B528396904BE7CB62 /* [CP] Embed Pods Frameworks */,
			);
			buildRules = (
			);
			dependencies = (
			);
			name = RxGram;
			productName = RxGram;
			productReference = 4AC6664421F6152C00F329C0 /* RxGram.app */;
			productType = "com.apple.product-type.application";
		};
		4AC6665721F6152D00F329C0 /* RxGramTests */ = {
			isa = PBXNativeTarget;
			buildConfigurationList = 4AC6666F21F6152D00F329C0 /* Build configuration list for PBXNativeTarget "RxGramTests" */;
			buildPhases = (
				8FD47992D4543139EB2CF502 /* [CP] Check Pods Manifest.lock */,
				4AC6665421F6152D00F329C0 /* Sources */,
				4AC6665521F6152D00F329C0 /* Frameworks */,
				4AC6665621F6152D00F329C0 /* Resources */,
			);
			buildRules = (
			);
			dependencies = (
				4AC6665A21F6152D00F329C0 /* PBXTargetDependency */,
			);
			name = RxGramTests;
			productName = RxGramTests;
			productReference = 4AC6665821F6152D00F329C0 /* RxGramTests.xctest */;
			productType = "com.apple.product-type.bundle.unit-test";
		};
		4AC6666221F6152D00F329C0 /* RxGramUITests */ = {
			isa = PBXNativeTarget;
			buildConfigurationList = 4AC6667221F6152D00F329C0 /* Build configuration list for PBXNativeTarget "RxGramUITests" */;
			buildPhases = (
				E429FB9823D0DE0D64A6782B /* [CP] Check Pods Manifest.lock */,
				4AC6665F21F6152D00F329C0 /* Sources */,
				4AC6666021F6152D00F329C0 /* Frameworks */,
				4AC6666121F6152D00F329C0 /* Resources */,
			);
			buildRules = (
			);
			dependencies = (
				4AC6666521F6152D00F329C0 /* PBXTargetDependency */,
			);
			name = RxGramUITests;
			productName = RxGramUITests;
			productReference = 4AC6666321F6152D00F329C0 /* RxGramUITests.xctest */;
			productType = "com.apple.product-type.bundle.ui-testing";
		};
/* End PBXNativeTarget section */

/* Begin PBXProject section */
		4AC6663C21F6152C00F329C0 /* Project object */ = {
			isa = PBXProject;
			attributes = {
				LastSwiftUpdateCheck = 1010;
				LastUpgradeCheck = 1010;
				ORGANIZATIONNAME = "Kevin Machado";
				TargetAttributes = {
					4AC6664321F6152C00F329C0 = {
						CreatedOnToolsVersion = 10.1;
					};
					4AC6665721F6152D00F329C0 = {
						CreatedOnToolsVersion = 10.1;
						TestTargetID = 4AC6664321F6152C00F329C0;
					};
					4AC6666221F6152D00F329C0 = {
						CreatedOnToolsVersion = 10.1;
						TestTargetID = 4AC6664321F6152C00F329C0;
					};
				};
			};
			buildConfigurationList = 4AC6663F21F6152C00F329C0 /* Build configuration list for PBXProject "RxGram" */;
			compatibilityVersion = "Xcode 9.3";
			developmentRegion = en;
			hasScannedForEncodings = 0;
			knownRegions = (
				en,
				Base,
			);
			mainGroup = 4AC6663B21F6152C00F329C0;
			productRefGroup = 4AC6664521F6152C00F329C0 /* Products */;
			projectDirPath = "";
			projectRoot = "";
			targets = (
				4AC6664321F6152C00F329C0 /* RxGram */,
				4AC6665721F6152D00F329C0 /* RxGramTests */,
				4AC6666221F6152D00F329C0 /* RxGramUITests */,
			);
		};
/* End PBXProject section */

/* Begin PBXResourcesBuildPhase section */
		4AC6664221F6152C00F329C0 /* Resources */ = {
			isa = PBXResourcesBuildPhase;
			buildActionMask = 2147483647;
			files = (
				4AC6665221F6152D00F329C0 /* LaunchScreen.storyboard in Resources */,
				4AC6664F21F6152D00F329C0 /* Assets.xcassets in Resources */,
				4AC6668821F61D8700F329C0 /* Timeline.storyboard in Resources */,
				4AC6664D21F6152C00F329C0 /* Explore.storyboard in Resources */,
				4AC6667D21F615D900F329C0 /* Main.storyboard in Resources */,
			);
			runOnlyForDeploymentPostprocessing = 0;
		};
		4AC6665621F6152D00F329C0 /* Resources */ = {
			isa = PBXResourcesBuildPhase;
			buildActionMask = 2147483647;
			files = (
			);
			runOnlyForDeploymentPostprocessing = 0;
		};
		4AC6666121F6152D00F329C0 /* Resources */ = {
			isa = PBXResourcesBuildPhase;
			buildActionMask = 2147483647;
			files = (
			);
			runOnlyForDeploymentPostprocessing = 0;
		};
/* End PBXResourcesBuildPhase section */

/* Begin PBXShellScriptBuildPhase section */
		2355E8EDBBB166BDF1830563 /* [CP] Check Pods Manifest.lock */ = {
			isa = PBXShellScriptBuildPhase;
			buildActionMask = 2147483647;
			files = (
			);
			inputFileListPaths = (
			);
			inputPaths = (
				"${PODS_PODFILE_DIR_PATH}/Podfile.lock",
				"${PODS_ROOT}/Manifest.lock",
			);
			name = "[CP] Check Pods Manifest.lock";
			outputFileListPaths = (
			);
			outputPaths = (
				"$(DERIVED_FILE_DIR)/Pods-RxGram-checkManifestLockResult.txt",
			);
			runOnlyForDeploymentPostprocessing = 0;
			shellPath = /bin/sh;
			shellScript = "diff \"${PODS_PODFILE_DIR_PATH}/Podfile.lock\" \"${PODS_ROOT}/Manifest.lock\" > /dev/null\nif [ $? != 0 ] ; then\n    # print error to STDERR\n    echo \"error: The sandbox is not in sync with the Podfile.lock. Run 'pod install' or update your CocoaPods installation.\" >&2\n    exit 1\nfi\n# This output is used by Xcode 'outputs' to avoid re-running this script phase.\necho \"SUCCESS\" > \"${SCRIPT_OUTPUT_FILE_0}\"\n";
			showEnvVarsInLog = 0;
		};
		8FD47992D4543139EB2CF502 /* [CP] Check Pods Manifest.lock */ = {
			isa = PBXShellScriptBuildPhase;
			buildActionMask = 2147483647;
			files = (
			);
			inputFileListPaths = (
			);
			inputPaths = (
				"${PODS_PODFILE_DIR_PATH}/Podfile.lock",
				"${PODS_ROOT}/Manifest.lock",
			);
			name = "[CP] Check Pods Manifest.lock";
			outputFileListPaths = (
			);
			outputPaths = (
				"$(DERIVED_FILE_DIR)/Pods-RxGramTests-checkManifestLockResult.txt",
			);
			runOnlyForDeploymentPostprocessing = 0;
			shellPath = /bin/sh;
			shellScript = "diff \"${PODS_PODFILE_DIR_PATH}/Podfile.lock\" \"${PODS_ROOT}/Manifest.lock\" > /dev/null\nif [ $? != 0 ] ; then\n    # print error to STDERR\n    echo \"error: The sandbox is not in sync with the Podfile.lock. Run 'pod install' or update your CocoaPods installation.\" >&2\n    exit 1\nfi\n# This output is used by Xcode 'outputs' to avoid re-running this script phase.\necho \"SUCCESS\" > \"${SCRIPT_OUTPUT_FILE_0}\"\n";
			showEnvVarsInLog = 0;
		};
		D743D10B528396904BE7CB62 /* [CP] Embed Pods Frameworks */ = {
			isa = PBXShellScriptBuildPhase;
			buildActionMask = 2147483647;
			files = (
			);
			inputFileListPaths = (
			);
			inputPaths = (
				"${SRCROOT}/Pods/Target Support Files/Pods-RxGram/Pods-RxGram-frameworks.sh",
				"${BUILT_PRODUCTS_DIR}/Kingfisher/Kingfisher.framework",
				"${BUILT_PRODUCTS_DIR}/RxAtomic/RxAtomic.framework",
				"${BUILT_PRODUCTS_DIR}/RxCocoa/RxCocoa.framework",
				"${BUILT_PRODUCTS_DIR}/RxGramAPI/RxGramAPI.framework",
				"${BUILT_PRODUCTS_DIR}/RxSwift/RxSwift.framework",
			);
			name = "[CP] Embed Pods Frameworks";
			outputFileListPaths = (
			);
			outputPaths = (
				"${TARGET_BUILD_DIR}/${FRAMEWORKS_FOLDER_PATH}/Kingfisher.framework",
				"${TARGET_BUILD_DIR}/${FRAMEWORKS_FOLDER_PATH}/RxAtomic.framework",
				"${TARGET_BUILD_DIR}/${FRAMEWORKS_FOLDER_PATH}/RxCocoa.framework",
				"${TARGET_BUILD_DIR}/${FRAMEWORKS_FOLDER_PATH}/RxGramAPI.framework",
				"${TARGET_BUILD_DIR}/${FRAMEWORKS_FOLDER_PATH}/RxSwift.framework",
			);
			runOnlyForDeploymentPostprocessing = 0;
			shellPath = /bin/sh;
			shellScript = "\"${SRCROOT}/Pods/Target Support Files/Pods-RxGram/Pods-RxGram-frameworks.sh\"\n";
			showEnvVarsInLog = 0;
		};
		E429FB9823D0DE0D64A6782B /* [CP] Check Pods Manifest.lock */ = {
			isa = PBXShellScriptBuildPhase;
			buildActionMask = 2147483647;
			files = (
			);
			inputFileListPaths = (
			);
			inputPaths = (
				"${PODS_PODFILE_DIR_PATH}/Podfile.lock",
				"${PODS_ROOT}/Manifest.lock",
			);
			name = "[CP] Check Pods Manifest.lock";
			outputFileListPaths = (
			);
			outputPaths = (
				"$(DERIVED_FILE_DIR)/Pods-RxGramUITests-checkManifestLockResult.txt",
			);
			runOnlyForDeploymentPostprocessing = 0;
			shellPath = /bin/sh;
			shellScript = "diff \"${PODS_PODFILE_DIR_PATH}/Podfile.lock\" \"${PODS_ROOT}/Manifest.lock\" > /dev/null\nif [ $? != 0 ] ; then\n    # print error to STDERR\n    echo \"error: The sandbox is not in sync with the Podfile.lock. Run 'pod install' or update your CocoaPods installation.\" >&2\n    exit 1\nfi\n# This output is used by Xcode 'outputs' to avoid re-running this script phase.\necho \"SUCCESS\" > \"${SCRIPT_OUTPUT_FILE_0}\"\n";
			showEnvVarsInLog = 0;
		};
/* End PBXShellScriptBuildPhase section */

/* Begin PBXSourcesBuildPhase section */
		4AC6664021F6152C00F329C0 /* Sources */ = {
			isa = PBXSourcesBuildPhase;
			buildActionMask = 2147483647;
			files = (
				4AC6664A21F6152C00F329C0 /* ExploreViewController.swift in Sources */,
				4AC666A721F674C600F329C0 /* Storyboard.swift in Sources */,
				4AC666A921F6765200F329C0 /* UIViewController.swift in Sources */,
				4AC6668A21F61DAC00F329C0 /* TimelineViewController.swift in Sources */,
				4AC6668321F61D4A00F329C0 /* MainTabBarController.swift in Sources */,
				4AC6664821F6152C00F329C0 /* AppDelegate.swift in Sources */,
			);
			runOnlyForDeploymentPostprocessing = 0;
		};
		4AC6665421F6152D00F329C0 /* Sources */ = {
			isa = PBXSourcesBuildPhase;
			buildActionMask = 2147483647;
			files = (
				4AC6665D21F6152D00F329C0 /* RxGramTests.swift in Sources */,
			);
			runOnlyForDeploymentPostprocessing = 0;
		};
		4AC6665F21F6152D00F329C0 /* Sources */ = {
			isa = PBXSourcesBuildPhase;
			buildActionMask = 2147483647;
			files = (
				4AC6666821F6152D00F329C0 /* RxGramUITests.swift in Sources */,
			);
			runOnlyForDeploymentPostprocessing = 0;
		};
/* End PBXSourcesBuildPhase section */

/* Begin PBXTargetDependency section */
		4AC6665A21F6152D00F329C0 /* PBXTargetDependency */ = {
			isa = PBXTargetDependency;
			target = 4AC6664321F6152C00F329C0 /* RxGram */;
			targetProxy = 4AC6665921F6152D00F329C0 /* PBXContainerItemProxy */;
		};
		4AC6666521F6152D00F329C0 /* PBXTargetDependency */ = {
			isa = PBXTargetDependency;
			target = 4AC6664321F6152C00F329C0 /* RxGram */;
			targetProxy = 4AC6666421F6152D00F329C0 /* PBXContainerItemProxy */;
		};
/* End PBXTargetDependency section */

/* Begin PBXVariantGroup section */
		4AC6664B21F6152C00F329C0 /* Explore.storyboard */ = {
			isa = PBXVariantGroup;
			children = (
				4AC6664C21F6152C00F329C0 /* Base */,
			);
			name = Explore.storyboard;
			sourceTree = "<group>";
		};
		4AC6665021F6152D00F329C0 /* LaunchScreen.storyboard */ = {
			isa = PBXVariantGroup;
			children = (
				4AC6665121F6152D00F329C0 /* Base */,
			);
			name = LaunchScreen.storyboard;
			sourceTree = "<group>";
		};
/* End PBXVariantGroup section */

/* Begin XCBuildConfiguration section */
		4AC6666A21F6152D00F329C0 /* Debug */ = {
			isa = XCBuildConfiguration;
			buildSettings = {
				ALWAYS_SEARCH_USER_PATHS = NO;
				CLANG_ANALYZER_NONNULL = YES;
				CLANG_ANALYZER_NUMBER_OBJECT_CONVERSION = YES_AGGRESSIVE;
				CLANG_CXX_LANGUAGE_STANDARD = "gnu++14";
				CLANG_CXX_LIBRARY = "libc++";
				CLANG_ENABLE_MODULES = YES;
				CLANG_ENABLE_OBJC_ARC = YES;
				CLANG_ENABLE_OBJC_WEAK = YES;
				CLANG_WARN_BLOCK_CAPTURE_AUTORELEASING = YES;
				CLANG_WARN_BOOL_CONVERSION = YES;
				CLANG_WARN_COMMA = YES;
				CLANG_WARN_CONSTANT_CONVERSION = YES;
				CLANG_WARN_DEPRECATED_OBJC_IMPLEMENTATIONS = YES;
				CLANG_WARN_DIRECT_OBJC_ISA_USAGE = YES_ERROR;
				CLANG_WARN_DOCUMENTATION_COMMENTS = YES;
				CLANG_WARN_EMPTY_BODY = YES;
				CLANG_WARN_ENUM_CONVERSION = YES;
				CLANG_WARN_INFINITE_RECURSION = YES;
				CLANG_WARN_INT_CONVERSION = YES;
				CLANG_WARN_NON_LITERAL_NULL_CONVERSION = YES;
				CLANG_WARN_OBJC_IMPLICIT_RETAIN_SELF = YES;
				CLANG_WARN_OBJC_LITERAL_CONVERSION = YES;
				CLANG_WARN_OBJC_ROOT_CLASS = YES_ERROR;
				CLANG_WARN_RANGE_LOOP_ANALYSIS = YES;
				CLANG_WARN_STRICT_PROTOTYPES = YES;
				CLANG_WARN_SUSPICIOUS_MOVE = YES;
				CLANG_WARN_UNGUARDED_AVAILABILITY = YES_AGGRESSIVE;
				CLANG_WARN_UNREACHABLE_CODE = YES;
				CLANG_WARN__DUPLICATE_METHOD_MATCH = YES;
				CODE_SIGN_IDENTITY = "iPhone Developer";
				COPY_PHASE_STRIP = NO;
				DEBUG_INFORMATION_FORMAT = dwarf;
				ENABLE_STRICT_OBJC_MSGSEND = YES;
				ENABLE_TESTABILITY = YES;
				GCC_C_LANGUAGE_STANDARD = gnu11;
				GCC_DYNAMIC_NO_PIC = NO;
				GCC_NO_COMMON_BLOCKS = YES;
				GCC_OPTIMIZATION_LEVEL = 0;
				GCC_PREPROCESSOR_DEFINITIONS = (
					"DEBUG=1",
					"$(inherited)",
				);
				GCC_WARN_64_TO_32_BIT_CONVERSION = YES;
				GCC_WARN_ABOUT_RETURN_TYPE = YES_ERROR;
				GCC_WARN_UNDECLARED_SELECTOR = YES;
				GCC_WARN_UNINITIALIZED_AUTOS = YES_AGGRESSIVE;
				GCC_WARN_UNUSED_FUNCTION = YES;
				GCC_WARN_UNUSED_VARIABLE = YES;
				IPHONEOS_DEPLOYMENT_TARGET = 12.1;
				MTL_ENABLE_DEBUG_INFO = INCLUDE_SOURCE;
				MTL_FAST_MATH = YES;
				ONLY_ACTIVE_ARCH = YES;
				SDKROOT = iphoneos;
				SWIFT_ACTIVE_COMPILATION_CONDITIONS = DEBUG;
				SWIFT_OPTIMIZATION_LEVEL = "-Onone";
			};
			name = Debug;
		};
		4AC6666B21F6152D00F329C0 /* Release */ = {
			isa = XCBuildConfiguration;
			buildSettings = {
				ALWAYS_SEARCH_USER_PATHS = NO;
				CLANG_ANALYZER_NONNULL = YES;
				CLANG_ANALYZER_NUMBER_OBJECT_CONVERSION = YES_AGGRESSIVE;
				CLANG_CXX_LANGUAGE_STANDARD = "gnu++14";
				CLANG_CXX_LIBRARY = "libc++";
				CLANG_ENABLE_MODULES = YES;
				CLANG_ENABLE_OBJC_ARC = YES;
				CLANG_ENABLE_OBJC_WEAK = YES;
				CLANG_WARN_BLOCK_CAPTURE_AUTORELEASING = YES;
				CLANG_WARN_BOOL_CONVERSION = YES;
				CLANG_WARN_COMMA = YES;
				CLANG_WARN_CONSTANT_CONVERSION = YES;
				CLANG_WARN_DEPRECATED_OBJC_IMPLEMENTATIONS = YES;
				CLANG_WARN_DIRECT_OBJC_ISA_USAGE = YES_ERROR;
				CLANG_WARN_DOCUMENTATION_COMMENTS = YES;
				CLANG_WARN_EMPTY_BODY = YES;
				CLANG_WARN_ENUM_CONVERSION = YES;
				CLANG_WARN_INFINITE_RECURSION = YES;
				CLANG_WARN_INT_CONVERSION = YES;
				CLANG_WARN_NON_LITERAL_NULL_CONVERSION = YES;
				CLANG_WARN_OBJC_IMPLICIT_RETAIN_SELF = YES;
				CLANG_WARN_OBJC_LITERAL_CONVERSION = YES;
				CLANG_WARN_OBJC_ROOT_CLASS = YES_ERROR;
				CLANG_WARN_RANGE_LOOP_ANALYSIS = YES;
				CLANG_WARN_STRICT_PROTOTYPES = YES;
				CLANG_WARN_SUSPICIOUS_MOVE = YES;
				CLANG_WARN_UNGUARDED_AVAILABILITY = YES_AGGRESSIVE;
				CLANG_WARN_UNREACHABLE_CODE = YES;
				CLANG_WARN__DUPLICATE_METHOD_MATCH = YES;
				CODE_SIGN_IDENTITY = "iPhone Developer";
				COPY_PHASE_STRIP = NO;
				DEBUG_INFORMATION_FORMAT = "dwarf-with-dsym";
				ENABLE_NS_ASSERTIONS = NO;
				ENABLE_STRICT_OBJC_MSGSEND = YES;
				GCC_C_LANGUAGE_STANDARD = gnu11;
				GCC_NO_COMMON_BLOCKS = YES;
				GCC_WARN_64_TO_32_BIT_CONVERSION = YES;
				GCC_WARN_ABOUT_RETURN_TYPE = YES_ERROR;
				GCC_WARN_UNDECLARED_SELECTOR = YES;
				GCC_WARN_UNINITIALIZED_AUTOS = YES_AGGRESSIVE;
				GCC_WARN_UNUSED_FUNCTION = YES;
				GCC_WARN_UNUSED_VARIABLE = YES;
				IPHONEOS_DEPLOYMENT_TARGET = 12.1;
				MTL_ENABLE_DEBUG_INFO = NO;
				MTL_FAST_MATH = YES;
				SDKROOT = iphoneos;
				SWIFT_COMPILATION_MODE = wholemodule;
				SWIFT_OPTIMIZATION_LEVEL = "-O";
				VALIDATE_PRODUCT = YES;
			};
			name = Release;
		};
		4AC6666D21F6152D00F329C0 /* Debug */ = {
			isa = XCBuildConfiguration;
			baseConfigurationReference = 01A5F5A5865EC0BADE399E94 /* Pods-RxGram.debug.xcconfig */;
			buildSettings = {
				ASSETCATALOG_COMPILER_APPICON_NAME = AppIcon;
				CODE_SIGN_STYLE = Automatic;
				DEVELOPMENT_TEAM = 83875N28LW;
				INFOPLIST_FILE = "$(SRCROOT)/RxGram/App/Info.plist";
				LD_RUNPATH_SEARCH_PATHS = (
					"$(inherited)",
					"@executable_path/Frameworks",
				);
				PRODUCT_BUNDLE_IDENTIFIER = com.zertycolor.RxGram;
				PRODUCT_NAME = "$(TARGET_NAME)";
				SWIFT_VERSION = 4.2;
				TARGETED_DEVICE_FAMILY = "1,2";
			};
			name = Debug;
		};
		4AC6666E21F6152D00F329C0 /* Release */ = {
			isa = XCBuildConfiguration;
			baseConfigurationReference = BF5834B2D10F6E4B8C73C820 /* Pods-RxGram.release.xcconfig */;
			buildSettings = {
				ASSETCATALOG_COMPILER_APPICON_NAME = AppIcon;
				CODE_SIGN_STYLE = Automatic;
				DEVELOPMENT_TEAM = 83875N28LW;
				INFOPLIST_FILE = "$(SRCROOT)/RxGram/App/Info.plist";
				LD_RUNPATH_SEARCH_PATHS = (
					"$(inherited)",
					"@executable_path/Frameworks",
				);
				PRODUCT_BUNDLE_IDENTIFIER = com.zertycolor.RxGram;
				PRODUCT_NAME = "$(TARGET_NAME)";
				SWIFT_VERSION = 4.2;
				TARGETED_DEVICE_FAMILY = "1,2";
			};
			name = Release;
		};
		4AC6667021F6152D00F329C0 /* Debug */ = {
			isa = XCBuildConfiguration;
			baseConfigurationReference = AFC804DF7640F9AF6220FF50 /* Pods-RxGramTests.debug.xcconfig */;
			buildSettings = {
				ALWAYS_EMBED_SWIFT_STANDARD_LIBRARIES = YES;
				BUNDLE_LOADER = "$(TEST_HOST)";
				CODE_SIGN_STYLE = Automatic;
				DEVELOPMENT_TEAM = 83875N28LW;
				INFOPLIST_FILE = RxGramTests/Info.plist;
				LD_RUNPATH_SEARCH_PATHS = (
					"$(inherited)",
					"@executable_path/Frameworks",
					"@loader_path/Frameworks",
				);
				PRODUCT_BUNDLE_IDENTIFIER = com.zertycolor.RxGramTests;
				PRODUCT_NAME = "$(TARGET_NAME)";
				SWIFT_VERSION = 4.2;
				TARGETED_DEVICE_FAMILY = "1,2";
				TEST_HOST = "$(BUILT_PRODUCTS_DIR)/RxGram.app/RxGram";
			};
			name = Debug;
		};
		4AC6667121F6152D00F329C0 /* Release */ = {
			isa = XCBuildConfiguration;
			baseConfigurationReference = 33131BDDFA5DBA8BB598C9AC /* Pods-RxGramTests.release.xcconfig */;
			buildSettings = {
				ALWAYS_EMBED_SWIFT_STANDARD_LIBRARIES = YES;
				BUNDLE_LOADER = "$(TEST_HOST)";
				CODE_SIGN_STYLE = Automatic;
				DEVELOPMENT_TEAM = 83875N28LW;
				INFOPLIST_FILE = RxGramTests/Info.plist;
				LD_RUNPATH_SEARCH_PATHS = (
					"$(inherited)",
					"@executable_path/Frameworks",
					"@loader_path/Frameworks",
				);
				PRODUCT_BUNDLE_IDENTIFIER = com.zertycolor.RxGramTests;
				PRODUCT_NAME = "$(TARGET_NAME)";
				SWIFT_VERSION = 4.2;
				TARGETED_DEVICE_FAMILY = "1,2";
				TEST_HOST = "$(BUILT_PRODUCTS_DIR)/RxGram.app/RxGram";
			};
			name = Release;
		};
		4AC6667321F6152D00F329C0 /* Debug */ = {
			isa = XCBuildConfiguration;
			baseConfigurationReference = 143A436D6816BDEBF1979F06 /* Pods-RxGramUITests.debug.xcconfig */;
			buildSettings = {
				ALWAYS_EMBED_SWIFT_STANDARD_LIBRARIES = YES;
				CODE_SIGN_STYLE = Automatic;
				DEVELOPMENT_TEAM = 83875N28LW;
				INFOPLIST_FILE = RxGramUITests/Info.plist;
				LD_RUNPATH_SEARCH_PATHS = (
					"$(inherited)",
					"@executable_path/Frameworks",
					"@loader_path/Frameworks",
				);
				PRODUCT_BUNDLE_IDENTIFIER = com.zertycolor.RxGramUITests;
				PRODUCT_NAME = "$(TARGET_NAME)";
				SWIFT_VERSION = 4.2;
				TARGETED_DEVICE_FAMILY = "1,2";
				TEST_TARGET_NAME = RxGram;
			};
			name = Debug;
		};
		4AC6667421F6152D00F329C0 /* Release */ = {
			isa = XCBuildConfiguration;
			baseConfigurationReference = 53F373B8DBE94F912E61BE55 /* Pods-RxGramUITests.release.xcconfig */;
			buildSettings = {
				ALWAYS_EMBED_SWIFT_STANDARD_LIBRARIES = YES;
				CODE_SIGN_STYLE = Automatic;
				DEVELOPMENT_TEAM = 83875N28LW;
				INFOPLIST_FILE = RxGramUITests/Info.plist;
				LD_RUNPATH_SEARCH_PATHS = (
					"$(inherited)",
					"@executable_path/Frameworks",
					"@loader_path/Frameworks",
				);
				PRODUCT_BUNDLE_IDENTIFIER = com.zertycolor.RxGramUITests;
				PRODUCT_NAME = "$(TARGET_NAME)";
				SWIFT_VERSION = 4.2;
				TARGETED_DEVICE_FAMILY = "1,2";
				TEST_TARGET_NAME = RxGram;
			};
			name = Release;
		};
/* End XCBuildConfiguration section */

/* Begin XCConfigurationList section */
		4AC6663F21F6152C00F329C0 /* Build configuration list for PBXProject "RxGram" */ = {
			isa = XCConfigurationList;
			buildConfigurations = (
				4AC6666A21F6152D00F329C0 /* Debug */,
				4AC6666B21F6152D00F329C0 /* Release */,
			);
			defaultConfigurationIsVisible = 0;
			defaultConfigurationName = Release;
		};
		4AC6666C21F6152D00F329C0 /* Build configuration list for PBXNativeTarget "RxGram" */ = {
			isa = XCConfigurationList;
			buildConfigurations = (
				4AC6666D21F6152D00F329C0 /* Debug */,
				4AC6666E21F6152D00F329C0 /* Release */,
			);
			defaultConfigurationIsVisible = 0;
			defaultConfigurationName = Release;
		};
		4AC6666F21F6152D00F329C0 /* Build configuration list for PBXNativeTarget "RxGramTests" */ = {
			isa = XCConfigurationList;
			buildConfigurations = (
				4AC6667021F6152D00F329C0 /* Debug */,
				4AC6667121F6152D00F329C0 /* Release */,
			);
			defaultConfigurationIsVisible = 0;
			defaultConfigurationName = Release;
		};
		4AC6667221F6152D00F329C0 /* Build configuration list for PBXNativeTarget "RxGramUITests" */ = {
			isa = XCConfigurationList;
			buildConfigurations = (
				4AC6667321F6152D00F329C0 /* Debug */,
				4AC6667421F6152D00F329C0 /* Release */,
			);
			defaultConfigurationIsVisible = 0;
			defaultConfigurationName = Release;
		};
/* End XCConfigurationList section */
	};
	rootObject = 4AC6663C21F6152C00F329C0 /* Project object */;
}
